
Microsoft Visual Studio Solution File, Format Version 12.00
# Visual Studio Version 17
VisualStudioVersion = 17.10.34916.146
MinimumVisualStudioVersion = 10.0.40219.1
Project("{FAE04EC0-301F-11D3-BF4B-00C04F79EFBC}") = "BinaryWriterAndReader", "BinaryWriterAndReader\BinaryWriterAndReader.csproj", "{08BBE6E0-82FA-4DC0-A2D7-56CB6660AA6E}"
EndProject
Global
	GlobalSection(SolutionConfigurationPlatforms) = preSolution
		Debug|Any CPU = Debug|Any CPU
		Release|Any CPU = Release|Any CPU
	EndGlobalSection
	GlobalSection(ProjectConfigurationPlatforms) = postSolution
		{08BBE6E0-82FA-4DC0-A2D7-56CB6660AA6E}.Debug|Any CPU.ActiveCfg = Debug|Any CPU
		{08BBE6E0-82FA-4DC0-A2D7-56CB6660AA6E}.Debug|Any CPU.Build.0 = Debug|Any CPU
		{08BBE6E0-82FA-4DC0-A2D7-56CB6660AA6E}.Release|Any CPU.ActiveCfg = Release|Any CPU
		{08BBE6E0-82FA-4DC0-A2D7-56CB6660AA6E}.Release|Any CPU.Build.0 = Release|Any CPU
	EndGlobalSection
	GlobalSection(SolutionProperties) = preSolution
		HideSolutionNode = FALSE
	EndGlobalSection
	GlobalSection(ExtensibilityGlobals) = postSolution
		SolutionGuid = {1054E43D-43FD-4A0F-8F23-5838DD7A79DE}
	EndGlobalSection
EndGlobal
